
Microsoft Visual Studio Solution File, Format Version 12.00
# Visual Studio Version 16
VisualStudioVersion = 16.0.29905.134
MinimumVisualStudioVersion = 10.0.40219.1
Project("{FAE04EC0-301F-11D3-BF4B-00C04F79EFBC}") = "otello", "otello\otello.csproj", "{64EA2F5F-856D-4294-BFD1-54A3C4DB2600}"
EndProject
Global
	GlobalSection(SolutionConfigurationPlatforms) = preSolution
		Debug|Any CPU = Debug|Any CPU
		Release|Any CPU = Release|Any CPU
	EndGlobalSection
	GlobalSection(ProjectConfigurationPlatforms) = postSolution
		{64EA2F5F-856D-4294-BFD1-54A3C4DB2600}.Debug|Any CPU.ActiveCfg = Debug|Any CPU
		{64EA2F5F-856D-4294-BFD1-54A3C4DB2600}.Debug|Any CPU.Build.0 = Debug|Any CPU
		{64EA2F5F-856D-4294-BFD1-54A3C4DB2600}.Release|Any CPU.ActiveCfg = Release|Any CPU
		{64EA2F5F-856D-4294-BFD1-54A3C4DB2600}.Release|Any CPU.Build.0 = Release|Any CPU
	EndGlobalSection
	GlobalSection(SolutionProperties) = preSolution
		HideSolutionNode = FALSE
	EndGlobalSection
	GlobalSection(ExtensibilityGlobals) = postSolution
		SolutionGuid = {A0CB85A1-8BE0-4CE2-B04A-9582BA802840}
	EndGlobalSection
EndGlobal
